
Microsoft Visual Studio Solution File, Format Version 12.00
# Visual Studio 14
VisualStudioVersion = 14.0.25420.1
MinimumVisualStudioVersion = 10.0.40219.1
Project("{262852C6-CD72-467D-83FE-5EEB1973A190}") = "SmartEnergy-Client", "SmartEnergy-Client.jsproj", "{D15D7DE1-643A-48D1-8A1D-477ABBF6B6DB}"
EndProject
Global
	GlobalSection(SolutionConfigurationPlatforms) = preSolution
		Debug|Android = Debug|Android
		Debug|iOS = Debug|iOS
		Debug|Windows Phone (Universal) = Debug|Windows Phone (Universal)
		Debug|Windows Phone 8 = Debug|Windows Phone 8
		Debug|Windows-AnyCPU = Debug|Windows-AnyCPU
		Debug|Windows-ARM = Debug|Windows-ARM
		Debug|Windows-x64 = Debug|Windows-x64
		Debug|Windows-x86 = Debug|Windows-x86
		Release|Android = Release|Android
		Release|iOS = Release|iOS
		Release|Windows Phone (Universal) = Release|Windows Phone (Universal)
		Release|Windows Phone 8 = Release|Windows Phone 8
		Release|Windows-AnyCPU = Release|Windows-AnyCPU
		Release|Windows-ARM = Release|Windows-ARM
		Release|Windows-x64 = Release|Windows-x64
		Release|Windows-x86 = Release|Windows-x86
		Test|Android = Test|Android
		Test|iOS = Test|iOS
		Test|Windows Phone (Universal) = Test|Windows Phone (Universal)
		Test|Windows Phone 8 = Test|Windows Phone 8
		Test|Windows-AnyCPU = Test|Windows-AnyCPU
		Test|Windows-ARM = Test|Windows-ARM
		Test|Windows-x64 = Test|Windows-x64
		Test|Windows-x86 = Test|Windows-x86
	EndGlobalSection
	GlobalSection(ProjectConfigurationPlatforms) = postSolution
		{D15D7DE1-643A-48D1-8A1D-477ABBF6B6DB}.Debug|Android.ActiveCfg = Debug|Android
		{D15D7DE1-643A-48D1-8A1D-477ABBF6B6DB}.Debug|Android.Build.0 = Debug|Android
		{D15D7DE1-643A-48D1-8A1D-477ABBF6B6DB}.Debug|Android.Deploy.0 = Debug|Android
		{D15D7DE1-643A-48D1-8A1D-477ABBF6B6DB}.Debug|iOS.ActiveCfg = Debug|iOS
		{D15D7DE1-643A-48D1-8A1D-477ABBF6B6DB}.Debug|iOS.Build.0 = Debug|iOS
		{D15D7DE1-643A-48D1-8A1D-477ABBF6B6DB}.Debug|iOS.Deploy.0 = Debug|iOS
		{D15D7DE1-643A-48D1-8A1D-477ABBF6B6DB}.Debug|Windows Phone (Universal).ActiveCfg = Debug|Windows Phone (Universal)
		{D15D7DE1-643A-48D1-8A1D-477ABBF6B6DB}.Debug|Windows Phone (Universal).Build.0 = Debug|Windows Phone (Universal)
		{D15D7DE1-643A-48D1-8A1D-477ABBF6B6DB}.Debug|Windows Phone (Universal).Deploy.0 = Debug|Windows Phone (Universal)
		{D15D7DE1-643A-48D1-8A1D-477ABBF6B6DB}.Debug|Windows Phone 8.ActiveCfg = Debug|Windows Phone 8
		{D15D7DE1-643A-48D1-8A1D-477ABBF6B6DB}.Debug|Windows Phone 8.Build.0 = Debug|Windows Phone 8
		{D15D7DE1-643A-48D1-8A1D-477ABBF6B6DB}.Debug|Windows Phone 8.Deploy.0 = Debug|Windows Phone 8
		{D15D7DE1-643A-48D1-8A1D-477ABBF6B6DB}.Debug|Windows-AnyCPU.ActiveCfg = Debug|Windows-AnyCPU
		{D15D7DE1-643A-48D1-8A1D-477ABBF6B6DB}.Debug|Windows-AnyCPU.Build.0 = Debug|Windows-AnyCPU
		{D15D7DE1-643A-48D1-8A1D-477ABBF6B6DB}.Debug|Windows-AnyCPU.Deploy.0 = Debug|Windows-AnyCPU
		{D15D7DE1-643A-48D1-8A1D-477ABBF6B6DB}.Debug|Windows-ARM.ActiveCfg = Debug|Windows-ARM
		{D15D7DE1-643A-48D1-8A1D-477ABBF6B6DB}.Debug|Windows-ARM.Build.0 = Debug|Windows-ARM
		{D15D7DE1-643A-48D1-8A1D-477ABBF6B6DB}.Debug|Windows-ARM.Deploy.0 = Debug|Windows-ARM
		{D15D7DE1-643A-48D1-8A1D-477ABBF6B6DB}.Debug|Windows-x64.ActiveCfg = Debug|Windows-x64
		{D15D7DE1-643A-48D1-8A1D-477ABBF6B6DB}.Debug|Windows-x64.Build.0 = Debug|Windows-x64
		{D15D7DE1-643A-48D1-8A1D-477ABBF6B6DB}.Debug|Windows-x64.Deploy.0 = Debug|Windows-x64
		{D15D7DE1-643A-48D1-8A1D-477ABBF6B6DB}.Debug|Windows-x86.ActiveCfg = Debug|Windows-x86
		{D15D7DE1-643A-48D1-8A1D-477ABBF6B6DB}.Debug|Windows-x86.Build.0 = Debug|Windows-x86
		{D15D7DE1-643A-48D1-8A1D-477ABBF6B6DB}.Debug|Windows-x86.Deploy.0 = Debug|Windows-x86
		{D15D7DE1-643A-48D1-8A1D-477ABBF6B6DB}.Release|Android.ActiveCfg = Release|Android
		{D15D7DE1-643A-48D1-8A1D-477ABBF6B6DB}.Release|Android.Build.0 = Release|Android
		{D15D7DE1-643A-48D1-8A1D-477ABBF6B6DB}.Release|Android.Deploy.0 = Release|Android
		{D15D7DE1-643A-48D1-8A1D-477ABBF6B6DB}.Release|iOS.ActiveCfg = Release|iOS
		{D15D7DE1-643A-48D1-8A1D-477ABBF6B6DB}.Release|iOS.Build.0 = Release|iOS
		{D15D7DE1-643A-48D1-8A1D-477ABBF6B6DB}.Release|iOS.Deploy.0 = Release|iOS
		{D15D7DE1-643A-48D1-8A1D-477ABBF6B6DB}.Release|Windows Phone (Universal).ActiveCfg = Release|Windows Phone (Universal)
		{D15D7DE1-643A-48D1-8A1D-477ABBF6B6DB}.Release|Windows Phone (Universal).Build.0 = Release|Windows Phone (Universal)
		{D15D7DE1-643A-48D1-8A1D-477ABBF6B6DB}.Release|Windows Phone (Universal).Deploy.0 = Release|Windows Phone (Universal)
		{D15D7DE1-643A-48D1-8A1D-477ABBF6B6DB}.Release|Windows Phone 8.ActiveCfg = Release|Windows Phone 8
		{D15D7DE1-643A-48D1-8A1D-477ABBF6B6DB}.Release|Windows Phone 8.Build.0 = Release|Windows Phone 8
		{D15D7DE1-643A-48D1-8A1D-477ABBF6B6DB}.Release|Windows Phone 8.Deploy.0 = Release|Windows Phone 8
		{D15D7DE1-643A-48D1-8A1D-477ABBF6B6DB}.Release|Windows-AnyCPU.ActiveCfg = Release|Windows-AnyCPU
		{D15D7DE1-643A-48D1-8A1D-477ABBF6B6DB}.Release|Windows-AnyCPU.Build.0 = Release|Windows-AnyCPU
		{D15D7DE1-643A-48D1-8A1D-477ABBF6B6DB}.Release|Windows-AnyCPU.Deploy.0 = Release|Windows-AnyCPU
		{D15D7DE1-643A-48D1-8A1D-477ABBF6B6DB}.Release|Windows-ARM.ActiveCfg = Release|Windows-ARM
		{D15D7DE1-643A-48D1-8A1D-477ABBF6B6DB}.Release|Windows-ARM.Build.0 = Release|Windows-ARM
		{D15D7DE1-643A-48D1-8A1D-477ABBF6B6DB}.Release|Windows-ARM.Deploy.0 = Release|Windows-ARM
		{D15D7DE1-643A-48D1-8A1D-477ABBF6B6DB}.Release|Windows-x64.ActiveCfg = Release|Windows-x64
		{D15D7DE1-643A-48D1-8A1D-477ABBF6B6DB}.Release|Windows-x64.Build.0 = Release|Windows-x64
		{D15D7DE1-643A-48D1-8A1D-477ABBF6B6DB}.Release|Windows-x64.Deploy.0 = Release|Windows-x64
		{D15D7DE1-643A-48D1-8A1D-477ABBF6B6DB}.Release|Windows-x86.ActiveCfg = Release|Windows-x86
		{D15D7DE1-643A-48D1-8A1D-477ABBF6B6DB}.Release|Windows-x86.Build.0 = Release|Windows-x86
		{D15D7DE1-643A-48D1-8A1D-477ABBF6B6DB}.Release|Windows-x86.Deploy.0 = Release|Windows-x86
		{D15D7DE1-643A-48D1-8A1D-477ABBF6B6DB}.Test|Android.ActiveCfg = Debug|Android
		{D15D7DE1-643A-48D1-8A1D-477ABBF6B6DB}.Test|Android.Build.0 = Debug|Android
		{D15D7DE1-643A-48D1-8A1D-477ABBF6B6DB}.Test|Android.Deploy.0 = Debug|Android
		{D15D7DE1-643A-48D1-8A1D-477ABBF6B6DB}.Test|iOS.ActiveCfg = Test|iOS
		{D15D7DE1-643A-48D1-8A1D-477ABBF6B6DB}.Test|iOS.Build.0 = Test|iOS
		{D15D7DE1-643A-48D1-8A1D-477ABBF6B6DB}.Test|iOS.Deploy.0 = Test|iOS
		{D15D7DE1-643A-48D1-8A1D-477ABBF6B6DB}.Test|Windows Phone (Universal).ActiveCfg = Test|Windows Phone (Universal)
		{D15D7DE1-643A-48D1-8A1D-477ABBF6B6DB}.Test|Windows Phone (Universal).Build.0 = Test|Windows Phone (Universal)
		{D15D7DE1-643A-48D1-8A1D-477ABBF6B6DB}.Test|Windows Phone (Universal).Deploy.0 = Test|Windows Phone (Universal)
		{D15D7DE1-643A-48D1-8A1D-477ABBF6B6DB}.Test|Windows Phone 8.ActiveCfg = Test|Windows Phone 8
		{D15D7DE1-643A-48D1-8A1D-477ABBF6B6DB}.Test|Windows Phone 8.Build.0 = Test|Windows Phone 8
		{D15D7DE1-643A-48D1-8A1D-477ABBF6B6DB}.Test|Windows Phone 8.Deploy.0 = Test|Windows Phone 8
		{D15D7DE1-643A-48D1-8A1D-477ABBF6B6DB}.Test|Windows-AnyCPU.ActiveCfg = Test|Windows-AnyCPU
		{D15D7DE1-643A-48D1-8A1D-477ABBF6B6DB}.Test|Windows-AnyCPU.Build.0 = Test|Windows-AnyCPU
		{D15D7DE1-643A-48D1-8A1D-477ABBF6B6DB}.Test|Windows-AnyCPU.Deploy.0 = Test|Windows-AnyCPU
		{D15D7DE1-643A-48D1-8A1D-477ABBF6B6DB}.Test|Windows-ARM.ActiveCfg = Test|Windows-ARM
		{D15D7DE1-643A-48D1-8A1D-477ABBF6B6DB}.Test|Windows-ARM.Build.0 = Test|Windows-ARM
		{D15D7DE1-643A-48D1-8A1D-477ABBF6B6DB}.Test|Windows-ARM.Deploy.0 = Test|Windows-ARM
		{D15D7DE1-643A-48D1-8A1D-477ABBF6B6DB}.Test|Windows-x64.ActiveCfg = Test|Windows-x64
		{D15D7DE1-643A-48D1-8A1D-477ABBF6B6DB}.Test|Windows-x64.Build.0 = Test|Windows-x64
		{D15D7DE1-643A-48D1-8A1D-477ABBF6B6DB}.Test|Windows-x64.Deploy.0 = Test|Windows-x64
		{D15D7DE1-643A-48D1-8A1D-477ABBF6B6DB}.Test|Windows-x86.ActiveCfg = Test|Windows-x86
		{D15D7DE1-643A-48D1-8A1D-477ABBF6B6DB}.Test|Windows-x86.Build.0 = Test|Windows-x86
		{D15D7DE1-643A-48D1-8A1D-477ABBF6B6DB}.Test|Windows-x86.Deploy.0 = Test|Windows-x86
	EndGlobalSection
	GlobalSection(SolutionProperties) = preSolution
		HideSolutionNode = FALSE
	EndGlobalSection
EndGlobal
